// !$*UTF8*$!
{
	archiveVersion = 1;
	classes = {
	};
	objectVersion = 56;
	objects = {

/* Begin PBXBuildFile section */
		B46CB88D2A4D57A500AAD586 /* AppDelegate.swift in Sources */ = {isa = PBXBuildFile; fileRef = B46CB88C2A4D57A500AAD586 /* AppDelegate.swift */; };
		B46CB88F2A4D57A500AAD586 /* SceneDelegate.swift in Sources */ = {isa = PBXBuildFile; fileRef = B46CB88E2A4D57A500AAD586 /* SceneDelegate.swift */; };
		B46CB8912A4D57A500AAD586 /* ViewController.swift in Sources */ = {isa = PBXBuildFile; fileRef = B46CB8902A4D57A500AAD586 /* ViewController.swift */; };
		B46CB8942A4D57A500AAD586 /* Main.storyboard in Resources */ = {isa = PBXBuildFile; fileRef = B46CB8922A4D57A500AAD586 /* Main.storyboard */; };
		B46CB8962A4D57A600AAD586 /* Assets.xcassets in Resources */ = {isa = PBXBuildFile; fileRef = B46CB8952A4D57A600AAD586 /* Assets.xcassets */; };
		B46CB8992A4D57A600AAD586 /* LaunchScreen.storyboard in Resources */ = {isa = PBXBuildFile; fileRef = B46CB8972A4D57A600AAD586 /* LaunchScreen.storyboard */; };
		B4728BA22A4E0208004DCE3B /* Restaurant.swift in Sources */ = {isa = PBXBuildFile; fileRef = B4728BA12A4E0208004DCE3B /* Restaurant.swift */; };
		B4728BA82A4E04BB004DCE3B /* LocationManager.swift in Sources */ = {isa = PBXBuildFile; fileRef = B4728BA72A4E04BB004DCE3B /* LocationManager.swift */; };
		B4728BAB2A4E0544004DCE3B /* CoreLocation.framework in Frameworks */ = {isa = PBXBuildFile; fileRef = B4728BAA2A4E0544004DCE3B /* CoreLocation.framework */; };
		B4728C122A556327004DCE3B /* RestaurantsTableViewController.swift in Sources */ = {isa = PBXBuildFile; fileRef = B4728C112A556327004DCE3B /* RestaurantsTableViewController.swift */; };
		B4728C142A556339004DCE3B /* RestoViewController.swift in Sources */ = {isa = PBXBuildFile; fileRef = B4728C132A556339004DCE3B /* RestoViewController.swift */; };
		B4728C162A55634B004DCE3B /* RestaurantTableViewCell.swift in Sources */ = {isa = PBXBuildFile; fileRef = B4728C152A55634A004DCE3B /* RestaurantTableViewCell.swift */; };
		B4DC40332A4D5960005DD809 /* HomeViewController.swift in Sources */ = {isa = PBXBuildFile; fileRef = B4DC40322A4D5960005DD809 /* HomeViewController.swift */; };
/* End PBXBuildFile section */

/* Begin PBXFileReference section */
		B46CB8892A4D57A500AAD586 /* PickResto.app */ = {isa = PBXFileReference; explicitFileType = wrapper.application; includeInIndex = 0; path = PickResto.app; sourceTree = BUILT_PRODUCTS_DIR; };
		B46CB88C2A4D57A500AAD586 /* AppDelegate.swift */ = {isa = PBXFileReference; lastKnownFileType = sourcecode.swift; path = AppDelegate.swift; sourceTree = "<group>"; };
		B46CB88E2A4D57A500AAD586 /* SceneDelegate.swift */ = {isa = PBXFileReference; lastKnownFileType = sourcecode.swift; path = SceneDelegate.swift; sourceTree = "<group>"; };
		B46CB8902A4D57A500AAD586 /* ViewController.swift */ = {isa = PBXFileReference; lastKnownFileType = sourcecode.swift; path = ViewController.swift; sourceTree = "<group>"; };
		B46CB8932A4D57A500AAD586 /* Base */ = {isa = PBXFileReference; lastKnownFileType = file.storyboard; name = Base; path = Base.lproj/Main.storyboard; sourceTree = "<group>"; };
		B46CB8952A4D57A600AAD586 /* Assets.xcassets */ = {isa = PBXFileReference; lastKnownFileType = folder.assetcatalog; path = Assets.xcassets; sourceTree = "<group>"; };
		B46CB8982A4D57A600AAD586 /* Base */ = {isa = PBXFileReference; lastKnownFileType = file.storyboard; name = Base; path = Base.lproj/LaunchScreen.storyboard; sourceTree = "<group>"; };
		B46CB89A2A4D57A600AAD586 /* Info.plist */ = {isa = PBXFileReference; lastKnownFileType = text.plist.xml; path = Info.plist; sourceTree = "<group>"; };
		B4728BA12A4E0208004DCE3B /* Restaurant.swift */ = {isa = PBXFileReference; lastKnownFileType = sourcecode.swift; path = Restaurant.swift; sourceTree = "<group>"; };
		B4728BA72A4E04BB004DCE3B /* LocationManager.swift */ = {isa = PBXFileReference; lastKnownFileType = sourcecode.swift; path = LocationManager.swift; sourceTree = "<group>"; };
		B4728BAA2A4E0544004DCE3B /* CoreLocation.framework */ = {isa = PBXFileReference; lastKnownFileType = wrapper.framework; name = CoreLocation.framework; path = System/Library/Frameworks/CoreLocation.framework; sourceTree = SDKROOT; };
		B4728C112A556327004DCE3B /* RestaurantsTableViewController.swift */ = {isa = PBXFileReference; lastKnownFileType = sourcecode.swift; path = RestaurantsTableViewController.swift; sourceTree = "<group>"; };
		B4728C132A556339004DCE3B /* RestoViewController.swift */ = {isa = PBXFileReference; lastKnownFileType = sourcecode.swift; path = RestoViewController.swift; sourceTree = "<group>"; };
		B4728C152A55634A004DCE3B /* RestaurantTableViewCell.swift */ = {isa = PBXFileReference; lastKnownFileType = sourcecode.swift; path = RestaurantTableViewCell.swift; sourceTree = "<group>"; };
		B4DC40322A4D5960005DD809 /* HomeViewController.swift */ = {isa = PBXFileReference; lastKnownFileType = sourcecode.swift; path = HomeViewController.swift; sourceTree = "<group>"; };
/* End PBXFileReference section */

/* Begin PBXFrameworksBuildPhase section */
		B46CB8862A4D57A500AAD586 /* Frameworks */ = {
			isa = PBXFrameworksBuildPhase;
			buildActionMask = 2147483647;
			files = (
				B4728BAB2A4E0544004DCE3B /* CoreLocation.framework in Frameworks */,
			);
			runOnlyForDeploymentPostprocessing = 0;
		};
/* End PBXFrameworksBuildPhase section */

/* Begin PBXGroup section */
		B46CB8802A4D57A500AAD586 = {
			isa = PBXGroup;
			children = (
				B46CB88B2A4D57A500AAD586 /* PickResto */,
				B46CB88A2A4D57A500AAD586 /* Products */,
				B4728BA92A4E0544004DCE3B /* Frameworks */,
			);
			sourceTree = "<group>";
		};
		B46CB88A2A4D57A500AAD586 /* Products */ = {
			isa = PBXGroup;
			children = (
				B46CB8892A4D57A500AAD586 /* PickResto.app */,
			);
			name = Products;
			sourceTree = "<group>";
		};
		B46CB88B2A4D57A500AAD586 /* PickResto */ = {
			isa = PBXGroup;
			children = (
				B46CB88C2A4D57A500AAD586 /* AppDelegate.swift */,
				B46CB88E2A4D57A500AAD586 /* SceneDelegate.swift */,
				B46CB8902A4D57A500AAD586 /* ViewController.swift */,
				B46CB8922A4D57A500AAD586 /* Main.storyboard */,
				B4728C092A539FA3004DCE3B /* Controller */,
				B4728C082A539F4D004DCE3B /* Model */,
				B46CB8952A4D57A600AAD586 /* Assets.xcassets */,
				B46CB8972A4D57A600AAD586 /* LaunchScreen.storyboard */,
				B46CB89A2A4D57A600AAD586 /* Info.plist */,
			);
			path = PickResto;
			sourceTree = "<group>";
		};
		B4728BA92A4E0544004DCE3B /* Frameworks */ = {
			isa = PBXGroup;
			children = (
				B4728BAA2A4E0544004DCE3B /* CoreLocation.framework */,
			);
			name = Frameworks;
			sourceTree = "<group>";
		};
		B4728C082A539F4D004DCE3B /* Model */ = {
			isa = PBXGroup;
			children = (
				B4728BA12A4E0208004DCE3B /* Restaurant.swift */,
				B4728BA72A4E04BB004DCE3B /* LocationManager.swift */,
			);
			path = Model;
			sourceTree = "<group>";
		};
		B4728C092A539FA3004DCE3B /* Controller */ = {
			isa = PBXGroup;
			children = (
				B4DC40322A4D5960005DD809 /* HomeViewController.swift */,
				B4728C112A556327004DCE3B /* RestaurantsTableViewController.swift */,
				B4728C152A55634A004DCE3B /* RestaurantTableViewCell.swift */,
				B4728C132A556339004DCE3B /* RestoViewController.swift */,
			);
			path = Controller;
			sourceTree = "<group>";
		};
/* End PBXGroup section */

/* Begin PBXNativeTarget section */
		B46CB8882A4D57A500AAD586 /* PickResto */ = {
			isa = PBXNativeTarget;
			buildConfigurationList = B46CB89D2A4D57A600AAD586 /* Build configuration list for PBXNativeTarget "PickResto" */;
			buildPhases = (
				B46CB8852A4D57A500AAD586 /* Sources */,
				B46CB8862A4D57A500AAD586 /* Frameworks */,
				B46CB8872A4D57A500AAD586 /* Resources */,
			);
			buildRules = (
			);
			dependencies = (
			);
			name = PickResto;
			productName = PickResto;
			productReference = B46CB8892A4D57A500AAD586 /* PickResto.app */;
			productType = "com.apple.product-type.application";
		};
/* End PBXNativeTarget section */

/* Begin PBXProject section */
		B46CB8812A4D57A500AAD586 /* Project object */ = {
			isa = PBXProject;
			attributes = {
				BuildIndependentTargetsInParallel = 1;
				LastSwiftUpdateCheck = 1430;
				LastUpgradeCheck = 1430;
				TargetAttributes = {
					B46CB8882A4D57A500AAD586 = {
						CreatedOnToolsVersion = 14.3.1;
					};
				};
			};
			buildConfigurationList = B46CB8842A4D57A500AAD586 /* Build configuration list for PBXProject "PickResto" */;
			compatibilityVersion = "Xcode 14.0";
			developmentRegion = en;
			hasScannedForEncodings = 0;
			knownRegions = (
				en,
				Base,
			);
			mainGroup = B46CB8802A4D57A500AAD586;
			productRefGroup = B46CB88A2A4D57A500AAD586 /* Products */;
			projectDirPath = "";
			projectRoot = "";
			targets = (
				B46CB8882A4D57A500AAD586 /* PickResto */,
			);
		};
/* End PBXProject section */

/* Begin PBXResourcesBuildPhase section */
		B46CB8872A4D57A500AAD586 /* Resources */ = {
			isa = PBXResourcesBuildPhase;
			buildActionMask = 2147483647;
			files = (
				B46CB8992A4D57A600AAD586 /* LaunchScreen.storyboard in Resources */,
				B46CB8962A4D57A600AAD586 /* Assets.xcassets in Resources */,
				B46CB8942A4D57A500AAD586 /* Main.storyboard in Resources */,
			);
			runOnlyForDeploymentPostprocessing = 0;
		};
/* End PBXResourcesBuildPhase section */

/* Begin PBXSourcesBuildPhase section */
		B46CB8852A4D57A500AAD586 /* Sources */ = {
			isa = PBXSourcesBuildPhase;
			buildActionMask = 2147483647;
			files = (
				B46CB8912A4D57A500AAD586 /* ViewController.swift in Sources */,
				B4728C122A556327004DCE3B /* RestaurantsTableViewController.swift in Sources */,
				B4728BA82A4E04BB004DCE3B /* LocationManager.swift in Sources */,
				B46CB88D2A4D57A500AAD586 /* AppDelegate.swift in Sources */,
				B4728C142A556339004DCE3B /* RestoViewController.swift in Sources */,
				B46CB88F2A4D57A500AAD586 /* SceneDelegate.swift in Sources */,
				B4728BA22A4E0208004DCE3B /* Restaurant.swift in Sources */,
				B4DC40332A4D5960005DD809 /* HomeViewController.swift in Sources */,
				B4728C162A55634B004DCE3B /* RestaurantTableViewCell.swift in Sources */,
			);
			runOnlyForDeploymentPostprocessing = 0;
		};
/* End PBXSourcesBuildPhase section */

/* Begin PBXVariantGroup section */
		B46CB8922A4D57A500AAD586 /* Main.storyboard */ = {
			isa = PBXVariantGroup;
			children = (
				B46CB8932A4D57A500AAD586 /* Base */,
			);
			name = Main.storyboard;
			sourceTree = "<group>";
		};
		B46CB8972A4D57A600AAD586 /* LaunchScreen.storyboard */ = {
			isa = PBXVariantGroup;
			children = (
				B46CB8982A4D57A600AAD586 /* Base */,
			);
			name = LaunchScreen.storyboard;
			sourceTree = "<group>";
		};
/* End PBXVariantGroup section */

/* Begin XCBuildConfiguration section */
		B46CB89B2A4D57A600AAD586 /* Debug */ = {
			isa = XCBuildConfiguration;
			buildSettings = {
				ALWAYS_SEARCH_USER_PATHS = NO;
				CLANG_ANALYZER_NONNULL = YES;
				CLANG_ANALYZER_NUMBER_OBJECT_CONVERSION = YES_AGGRESSIVE;
				CLANG_CXX_LANGUAGE_STANDARD = "gnu++20";
				CLANG_ENABLE_MODULES = YES;
				CLANG_ENABLE_OBJC_ARC = YES;
				CLANG_ENABLE_OBJC_WEAK = YES;
				CLANG_WARN_BLOCK_CAPTURE_AUTORELEASING = YES;
				CLANG_WARN_BOOL_CONVERSION = YES;
				CLANG_WARN_COMMA = YES;
				CLANG_WARN_CONSTANT_CONVERSION = YES;
				CLANG_WARN_DEPRECATED_OBJC_IMPLEMENTATIONS = YES;
				CLANG_WARN_DIRECT_OBJC_ISA_USAGE = YES_ERROR;
				CLANG_WARN_DOCUMENTATION_COMMENTS = YES;
				CLANG_WARN_EMPTY_BODY = YES;
				CLANG_WARN_ENUM_CONVERSION = YES;
				CLANG_WARN_INFINITE_RECURSION = YES;
				CLANG_WARN_INT_CONVERSION = YES;
				CLANG_WARN_NON_LITERAL_NULL_CONVERSION = YES;
				CLANG_WARN_OBJC_IMPLICIT_RETAIN_SELF = YES;
				CLANG_WARN_OBJC_LITERAL_CONVERSION = YES;
				CLANG_WARN_OBJC_ROOT_CLASS = YES_ERROR;
				CLANG_WARN_QUOTED_INCLUDE_IN_FRAMEWORK_HEADER = YES;
				CLANG_WARN_RANGE_LOOP_ANALYSIS = YES;
				CLANG_WARN_STRICT_PROTOTYPES = YES;
				CLANG_WARN_SUSPICIOUS_MOVE = YES;
				CLANG_WARN_UNGUARDED_AVAILABILITY = YES_AGGRESSIVE;
				CLANG_WARN_UNREACHABLE_CODE = YES;
				CLANG_WARN__DUPLICATE_METHOD_MATCH = YES;
				COPY_PHASE_STRIP = NO;
				DEBUG_INFORMATION_FORMAT = dwarf;
				ENABLE_STRICT_OBJC_MSGSEND = YES;
				ENABLE_TESTABILITY = YES;
				GCC_C_LANGUAGE_STANDARD = gnu11;
				GCC_DYNAMIC_NO_PIC = NO;
				GCC_NO_COMMON_BLOCKS = YES;
				GCC_OPTIMIZATION_LEVEL = 0;
				GCC_PREPROCESSOR_DEFINITIONS = (
					"DEBUG=1",
					"$(inherited)",
				);
				GCC_WARN_64_TO_32_BIT_CONVERSION = YES;
				GCC_WARN_ABOUT_RETURN_TYPE = YES_ERROR;
				GCC_WARN_UNDECLARED_SELECTOR = YES;
				GCC_WARN_UNINITIALIZED_AUTOS = YES_AGGRESSIVE;
				GCC_WARN_UNUSED_FUNCTION = YES;
				GCC_WARN_UNUSED_VARIABLE = YES;
				IPHONEOS_DEPLOYMENT_TARGET = 15.0;
				MTL_ENABLE_DEBUG_INFO = INCLUDE_SOURCE;
				MTL_FAST_MATH = YES;
				ONLY_ACTIVE_ARCH = YES;
				SDKROOT = iphoneos;
				SWIFT_ACTIVE_COMPILATION_CONDITIONS = DEBUG;
				SWIFT_OPTIMIZATION_LEVEL = "-Onone";
			};
			name = Debug;
		};
		B46CB89C2A4D57A600AAD586 /* Release */ = {
			isa = XCBuildConfiguration;
			buildSettings = {
				ALWAYS_SEARCH_USER_PATHS = NO;
				CLANG_ANALYZER_NONNULL = YES;
				CLANG_ANALYZER_NUMBER_OBJECT_CONVERSION = YES_AGGRESSIVE;
				CLANG_CXX_LANGUAGE_STANDARD = "gnu++20";
				CLANG_ENABLE_MODULES = YES;
				CLANG_ENABLE_OBJC_ARC = YES;
				CLANG_ENABLE_OBJC_WEAK = YES;
				CLANG_WARN_BLOCK_CAPTURE_AUTORELEASING = YES;
				CLANG_WARN_BOOL_CONVERSION = YES;
				CLANG_WARN_COMMA = YES;
				CLANG_WARN_CONSTANT_CONVERSION = YES;
				CLANG_WARN_DEPRECATED_OBJC_IMPLEMENTATIONS = YES;
				CLANG_WARN_DIRECT_OBJC_ISA_USAGE = YES_ERROR;
				CLANG_WARN_DOCUMENTATION_COMMENTS = YES;
				CLANG_WARN_EMPTY_BODY = YES;
				CLANG_WARN_ENUM_CONVERSION = YES;
				CLANG_WARN_INFINITE_RECURSION = YES;
				CLANG_WARN_INT_CONVERSION = YES;
				CLANG_WARN_NON_LITERAL_NULL_CONVERSION = YES;
				CLANG_WARN_OBJC_IMPLICIT_RETAIN_SELF = YES;
				CLANG_WARN_OBJC_LITERAL_CONVERSION = YES;
				CLANG_WARN_OBJC_ROOT_CLASS = YES_ERROR;
				CLANG_WARN_QUOTED_INCLUDE_IN_FRAMEWORK_HEADER = YES;
				CLANG_WARN_RANGE_LOOP_ANALYSIS = YES;
				CLANG_WARN_STRICT_PROTOTYPES = YES;
				CLANG_WARN_SUSPICIOUS_MOVE = YES;
				CLANG_WARN_UNGUARDED_AVAILABILITY = YES_AGGRESSIVE;
				CLANG_WARN_UNREACHABLE_CODE = YES;
				CLANG_WARN__DUPLICATE_METHOD_MATCH = YES;
				COPY_PHASE_STRIP = NO;
				DEBUG_INFORMATION_FORMAT = "dwarf-with-dsym";
				ENABLE_NS_ASSERTIONS = NO;
				ENABLE_STRICT_OBJC_MSGSEND = YES;
				GCC_C_LANGUAGE_STANDARD = gnu11;
				GCC_NO_COMMON_BLOCKS = YES;
				GCC_WARN_64_TO_32_BIT_CONVERSION = YES;
				GCC_WARN_ABOUT_RETURN_TYPE = YES_ERROR;
				GCC_WARN_UNDECLARED_SELECTOR = YES;
				GCC_WARN_UNINITIALIZED_AUTOS = YES_AGGRESSIVE;
				GCC_WARN_UNUSED_FUNCTION = YES;
				GCC_WARN_UNUSED_VARIABLE = YES;
				IPHONEOS_DEPLOYMENT_TARGET = 15.0;
				MTL_ENABLE_DEBUG_INFO = NO;
				MTL_FAST_MATH = YES;
				SDKROOT = iphoneos;
				SWIFT_COMPILATION_MODE = wholemodule;
				SWIFT_OPTIMIZATION_LEVEL = "-O";
				VALIDATE_PRODUCT = YES;
			};
			name = Release;
		};
		B46CB89E2A4D57A600AAD586 /* Debug */ = {
			isa = XCBuildConfiguration;
			buildSettings = {
				ASSETCATALOG_COMPILER_APPICON_NAME = AppIcon;
				ASSETCATALOG_COMPILER_GLOBAL_ACCENT_COLOR_NAME = AccentColor;
				CODE_SIGN_STYLE = Automatic;
				CURRENT_PROJECT_VERSION = 1;
				DEVELOPMENT_TEAM = L3JN6ASK5J;
				GENERATE_INFOPLIST_FILE = YES;
				INFOPLIST_FILE = PickResto/Info.plist;
				INFOPLIST_KEY_NSLocationWhenInUseUsageDescription = "find ";
				INFOPLIST_KEY_UIApplicationSupportsIndirectInputEvents = YES;
				INFOPLIST_KEY_UILaunchStoryboardName = LaunchScreen;
				INFOPLIST_KEY_UIMainStoryboardFile = Main;
				INFOPLIST_KEY_UISupportedInterfaceOrientations = UIInterfaceOrientationPortrait;
				INFOPLIST_KEY_UISupportedInterfaceOrientations_iPad = "UIInterfaceOrientationLandscapeLeft UIInterfaceOrientationLandscapeRight UIInterfaceOrientationPortrait UIInterfaceOrientationPortraitUpsideDown";
				IPHONEOS_DEPLOYMENT_TARGET = 15.0;
				LD_RUNPATH_SEARCH_PATHS = (
					"$(inherited)",
					"@executable_path/Frameworks",
				);
				MARKETING_VERSION = 1.0;
				PRODUCT_BUNDLE_IDENTIFIER = lizhi110123.PickResto;
				PRODUCT_NAME = "$(TARGET_NAME)";
				SWIFT_EMIT_LOC_STRINGS = YES;
				SWIFT_VERSION = 5.0;
				TARGETED_DEVICE_FAMILY = "1,2";
			};
			name = Debug;
		};
		B46CB89F2A4D57A600AAD586 /* Release */ = {
			isa = XCBuildConfiguration;
			buildSettings = {
				ASSETCATALOG_COMPILER_APPICON_NAME = AppIcon;
				ASSETCATALOG_COMPILER_GLOBAL_ACCENT_COLOR_NAME = AccentColor;
				CODE_SIGN_STYLE = Automatic;
				CURRENT_PROJECT_VERSION = 1;
				DEVELOPMENT_TEAM = L3JN6ASK5J;
				GENERATE_INFOPLIST_FILE = YES;
				INFOPLIST_FILE = PickResto/Info.plist;
				INFOPLIST_KEY_NSLocationWhenInUseUsageDescription = "find ";
				INFOPLIST_KEY_UIApplicationSupportsIndirectInputEvents = YES;
				INFOPLIST_KEY_UILaunchStoryboardName = LaunchScreen;
				INFOPLIST_KEY_UIMainStoryboardFile = Main;
				INFOPLIST_KEY_UISupportedInterfaceOrientations = UIInterfaceOrientationPortrait;
				INFOPLIST_KEY_UISupportedInterfaceOrientations_iPad = "UIInterfaceOrientationLandscapeLeft UIInterfaceOrientationLandscapeRight UIInterfaceOrientationPortrait UIInterfaceOrientationPortraitUpsideDown";
				IPHONEOS_DEPLOYMENT_TARGET = 15.0;
				LD_RUNPATH_SEARCH_PATHS = (
					"$(inherited)",
					"@executable_path/Frameworks",
				);
				MARKETING_VERSION = 1.0;
				PRODUCT_BUNDLE_IDENTIFIER = lizhi110123.PickResto;
				PRODUCT_NAME = "$(TARGET_NAME)";
				SWIFT_EMIT_LOC_STRINGS = YES;
				SWIFT_VERSION = 5.0;
				TARGETED_DEVICE_FAMILY = "1,2";
			};
			name = Release;
		};
/* End XCBuildConfiguration section */

/* Begin XCConfigurationList section */
		B46CB8842A4D57A500AAD586 /* Build configuration list for PBXProject "PickResto" */ = {
			isa = XCConfigurationList;
			buildConfigurations = (
				B46CB89B2A4D57A600AAD586 /* Debug */,
				B46CB89C2A4D57A600AAD586 /* Release */,
			);
			defaultConfigurationIsVisible = 0;
			defaultConfigurationName = Release;
		};
		B46CB89D2A4D57A600AAD586 /* Build configuration list for PBXNativeTarget "PickResto" */ = {
			isa = XCConfigurationList;
			buildConfigurations = (
				B46CB89E2A4D57A600AAD586 /* Debug */,
				B46CB89F2A4D57A600AAD586 /* Release */,
			);
			defaultConfigurationIsVisible = 0;
			defaultConfigurationName = Release;
		};
/* End XCConfigurationList section */
	};
	rootObject = B46CB8812A4D57A500AAD586 /* Project object */;
}
